<?xml version="1.0" encoding="utf-8"?>
<Project ToolsVersion="4.0" xmlns="http://schemas.microsoft.com/developer/msbuild/2003">
  <ItemGroup>
    <Filter Include="Source Files">
      <UniqueIdentifier>{4FC737F1-C7A5-4376-A066-2A32D752A2FF}</UniqueIdentifier>
      <Extensions>cpp;cxx;c;def</Extensions>
    </Filter>
    <Filter Include="Header Files">
      <UniqueIdentifier>{93995380-89BD-4b04-88EB-625FBE52EBFB}</UniqueIdentifier>
      <Extensions>h</Extensions>
    </Filter>
    <Filter Include="Form Files">
      <UniqueIdentifier>{99349809-55BA-4b9d-BF79-8FDBB0286EB3}</UniqueIdentifier>
      <Extensions>ui</Extensions>
    </Filter>
    <Filter Include="Resource Files">
      <UniqueIdentifier>{D9D6E242-F8AF-46E4-B9FD-80ECBC20BA3E}</UniqueIdentifier>
      <Extensions>qrc;*</Extensions>
      <ParseFiles>false</ParseFiles>
    </Filter>
    <Filter Include="Generated Files">
      <UniqueIdentifier>{71ED8ED8-ACB9-4CE9-BBE1-E00B30144E11}</UniqueIdentifier>
      <Extensions>moc;h;cpp</Extensions>
      <SourceControlFiles>False</SourceControlFiles>
    </Filter>
    <Filter Include="Generated Files\Debug">
      <UniqueIdentifier>{9f70a89b-7659-4d02-89e1-598cfc1a28c7}</UniqueIdentifier>
      <Extensions>cpp;moc</Extensions>
      <SourceControlFiles>False</SourceControlFiles>
    </Filter>
    <Filter Include="Generated Files\Release">
      <UniqueIdentifier>{f5d13a6b-9172-468f-8da8-98a76348c312}</UniqueIdentifier>
      <Extensions>cpp;moc</Extensions>
      <SourceControlFiles>False</SourceControlFiles>
    </Filter>
    <Filter Include="YAML">
      <UniqueIdentifier>{4bc67f97-04a8-40ff-8b1f-42699546825c}</UniqueIdentifier>
    </Filter>
  </ItemGroup>
  <ItemGroup>
    <ClCompile Include="main.cpp">
      <Filter>Source Files</Filter>
    </ClCompile>
    <ClCompile Include="GeneratedFiles\qrc_RayTracer.cpp">
      <Filter>Generated Files</Filter>
    </ClCompile>
    <ClCompile Include="Source\Camera.cpp">
      <Filter>Source Files</Filter>
    </ClCompile>
    <ClCompile Include="RayTracerApp.cpp">
      <Filter>Source Files</Filter>
    </ClCompile>
    <ClCompile Include="GeneratedFiles\Debug\moc_RayTracerApp.cpp">
      <Filter>Generated Files\Debug</Filter>
    </ClCompile>
    <ClCompile Include="GeneratedFiles\Release\moc_RayTracerApp.cpp">
      <Filter>Generated Files\Release</Filter>
    </ClCompile>
    <ClCompile Include="Source\Object.cpp">
      <Filter>Source Files</Filter>
    </ClCompile>
    <ClCompile Include="Source\Material.cpp">
      <Filter>Source Files</Filter>
    </ClCompile>
    <ClCompile Include="Source\LightSource.cpp">
      <Filter>Source Files</Filter>
    </ClCompile>
    <ClCompile Include="Source\Triangle.cpp">
      <Filter>Source Files</Filter>
    </ClCompile>
    <ClCompile Include="Source\Sphere.cpp">
      <Filter>Source Files</Filter>
    </ClCompile>
    <ClCompile Include="yaml\aliascontent.cpp">
      <Filter>YAML</Filter>
    </ClCompile>
    <ClCompile Include="yaml\content.cpp">
      <Filter>YAML</Filter>
    </ClCompile>
    <ClCompile Include="yaml\conversion.cpp">
      <Filter>YAML</Filter>
    </ClCompile>
    <ClCompile Include="yaml\emitter.cpp">
      <Filter>YAML</Filter>
    </ClCompile>
    <ClCompile Include="yaml\emitterstate.cpp">
      <Filter>YAML</Filter>
    </ClCompile>
    <ClCompile Include="yaml\emitterutils.cpp">
      <Filter>YAML</Filter>
    </ClCompile>
    <ClCompile Include="yaml\exp.cpp">
      <Filter>YAML</Filter>
    </ClCompile>
    <ClCompile Include="yaml\iterator.cpp">
      <Filter>YAML</Filter>
    </ClCompile>
    <ClCompile Include="yaml\map.cpp">
      <Filter>YAML</Filter>
    </ClCompile>
    <ClCompile Include="yaml\node.cpp">
      <Filter>YAML</Filter>
    </ClCompile>
    <ClCompile Include="yaml\null.cpp">
      <Filter>YAML</Filter>
    </ClCompile>
    <ClCompile Include="yaml\ostream.cpp">
      <Filter>YAML</Filter>
    </ClCompile>
    <ClCompile Include="yaml\parser.cpp">
      <Filter>YAML</Filter>
    </ClCompile>
    <ClCompile Include="yaml\parserstate.cpp">
      <Filter>YAML</Filter>
    </ClCompile>
    <ClCompile Include="yaml\regex.cpp">
      <Filter>YAML</Filter>
    </ClCompile>
    <ClCompile Include="yaml\scalar.cpp">
      <Filter>YAML</Filter>
    </ClCompile>
    <ClCompile Include="yaml\scanner.cpp">
      <Filter>YAML</Filter>
    </ClCompile>
    <ClCompile Include="yaml\scanscalar.cpp">
      <Filter>YAML</Filter>
    </ClCompile>
    <ClCompile Include="yaml\scantoken.cpp">
      <Filter>YAML</Filter>
    </ClCompile>
    <ClCompile Include="yaml\sequence.cpp">
      <Filter>YAML</Filter>
    </ClCompile>
    <ClCompile Include="yaml\simplekey.cpp">
      <Filter>YAML</Filter>
    </ClCompile>
    <ClCompile Include="yaml\stream.cpp">
      <Filter>YAML</Filter>
    </ClCompile>
    <ClCompile Include="Source\Model.cpp">
      <Filter>Source Files</Filter>
    </ClCompile>
    <ClCompile Include="Source\Scene.cpp">
      <Filter>Source Files</Filter>
    </ClCompile>
    <ClCompile Include="Source\Cylinder.cpp">
      <Filter>Source Files</Filter>
    </ClCompile>
    <ClCompile Include="Source\Tetrahedron.cpp">
      <Filter>Source Files</Filter>
    </ClCompile>
    <ClCompile Include="Source\Torus.cpp">
      <Filter>Source Files</Filter>
    </ClCompile>
  </ItemGroup>
  <ItemGroup>
    <CustomBuild Include="RayTracer.ui">
      <Filter>Form Files</Filter>
    </CustomBuild>
    <CustomBuild Include="RayTracer.qrc">
      <Filter>Resource Files</Filter>
    </CustomBuild>
    <CustomBuild Include="RayTracerApp.h">
      <Filter>Header Files</Filter>
    </CustomBuild>
  </ItemGroup>
  <ItemGroup>
    <ClInclude Include="GeneratedFiles\ui_RayTracer.h">
      <Filter>Generated Files</Filter>
    </ClInclude>
    <ClInclude Include="Source\Camera.h">
      <Filter>Header Files</Filter>
    </ClInclude>
    <ClInclude Include="Source\Matrix.h">
      <Filter>Header Files</Filter>
    </ClInclude>
    <ClInclude Include="Source\Vector.h">
      <Filter>Header Files</Filter>
    </ClInclude>
    <ClInclude Include="Source\Object.h">
      <Filter>Header Files</Filter>
    </ClInclude>
    <ClInclude Include="Source\Material.h">
      <Filter>Header Files</Filter>
    </ClInclude>
    <ClInclude Include="Source\Triangle.h">
      <Filter>Header Files</Filter>
    </ClInclude>
    <ClInclude Include="Source\Hit.h">
      <Filter>Header Files</Filter>
    </ClInclude>
    <ClInclude Include="Source\Ray.h">
      <Filter>Header Files</Filter>
    </ClInclude>
    <ClInclude Include="Source\ObjectFactory.h">
      <Filter>Header Files</Filter>
    </ClInclude>
    <ClInclude Include="Source\LightSource.h">
      <Filter>Header Files</Filter>
    </ClInclude>
    <ClInclude Include="Source\Sphere.h">
      <Filter>Header Files</Filter>
    </ClInclude>
    <ClInclude Include="yaml\aliascontent.h">
      <Filter>YAML</Filter>
    </ClInclude>
    <ClInclude Include="yaml\content.h">
      <Filter>YAML</Filter>
    </ClInclude>
    <ClInclude Include="yaml\conversion.h">
      <Filter>YAML</Filter>
    </ClInclude>
    <ClInclude Include="yaml\crt.h">
      <Filter>YAML</Filter>
    </ClInclude>
    <ClInclude Include="yaml\emitter.h">
      <Filter>YAML</Filter>
    </ClInclude>
    <ClInclude Include="yaml\emittermanip.h">
      <Filter>YAML</Filter>
    </ClInclude>
    <ClInclude Include="yaml\emitterstate.h">
      <Filter>YAML</Filter>
    </ClInclude>
    <ClInclude Include="yaml\emitterutils.h">
      <Filter>YAML</Filter>
    </ClInclude>
    <ClInclude Include="yaml\exceptions.h">
      <Filter>YAML</Filter>
    </ClInclude>
    <ClInclude Include="yaml\exp.h">
      <Filter>YAML</Filter>
    </ClInclude>
    <ClInclude Include="yaml\indentation.h">
      <Filter>YAML</Filter>
    </ClInclude>
    <ClInclude Include="yaml\iterator.h">
      <Filter>YAML</Filter>
    </ClInclude>
    <ClInclude Include="yaml\iterpriv.h">
      <Filter>YAML</Filter>
    </ClInclude>
    <ClInclude Include="yaml\ltnode.h">
      <Filter>YAML</Filter>
    </ClInclude>
    <ClInclude Include="yaml\map.h">
      <Filter>YAML</Filter>
    </ClInclude>
    <ClInclude Include="yaml\mark.h">
      <Filter>YAML</Filter>
    </ClInclude>
    <ClInclude Include="yaml\node.h">
      <Filter>YAML</Filter>
    </ClInclude>
    <ClInclude Include="yaml\nodeimpl.h">
      <Filter>YAML</Filter>
    </ClInclude>
    <ClInclude Include="yaml\nodereadimpl.h">
      <Filter>YAML</Filter>
    </ClInclude>
    <ClInclude Include="yaml\nodeutil.h">
      <Filter>YAML</Filter>
    </ClInclude>
    <ClInclude Include="yaml\noncopyable.h">
      <Filter>YAML</Filter>
    </ClInclude>
    <ClInclude Include="yaml\null.h">
      <Filter>YAML</Filter>
    </ClInclude>
    <ClInclude Include="yaml\ostream.h">
      <Filter>YAML</Filter>
    </ClInclude>
    <ClInclude Include="yaml\parser.h">
      <Filter>YAML</Filter>
    </ClInclude>
    <ClInclude Include="yaml\parserstate.h">
      <Filter>YAML</Filter>
    </ClInclude>
    <ClInclude Include="yaml\regex.h">
      <Filter>YAML</Filter>
    </ClInclude>
    <ClInclude Include="yaml\regeximpl.h">
      <Filter>YAML</Filter>
    </ClInclude>
    <ClInclude Include="yaml\scalar.h">
      <Filter>YAML</Filter>
    </ClInclude>
    <ClInclude Include="yaml\scanner.h">
      <Filter>YAML</Filter>
    </ClInclude>
    <ClInclude Include="yaml\scanscalar.h">
      <Filter>YAML</Filter>
    </ClInclude>
    <ClInclude Include="yaml\sequence.h">
      <Filter>YAML</Filter>
    </ClInclude>
    <ClInclude Include="yaml\setting.h">
      <Filter>YAML</Filter>
    </ClInclude>
    <ClInclude Include="yaml\stlemitter.h">
      <Filter>YAML</Filter>
    </ClInclude>
    <ClInclude Include="yaml\stream.h">
      <Filter>YAML</Filter>
    </ClInclude>
    <ClInclude Include="yaml\streamcharsource.h">
      <Filter>YAML</Filter>
    </ClInclude>
    <ClInclude Include="yaml\stringsource.h">
      <Filter>YAML</Filter>
    </ClInclude>
    <ClInclude Include="yaml\token.h">
      <Filter>YAML</Filter>
    </ClInclude>
    <ClInclude Include="yaml\yaml.h">
      <Filter>YAML</Filter>
    </ClInclude>
    <ClInclude Include="Source\Model.h">
      <Filter>Header Files</Filter>
    </ClInclude>
    <ClInclude Include="Source\Scene.h">
      <Filter>Header Files</Filter>
    </ClInclude>
    <ClInclude Include="Source\Cylinder.h">
      <Filter>Header Files</Filter>
    </ClInclude>
    <ClInclude Include="Source\Tetrahedron.h">
      <Filter>Header Files</Filter>
    </ClInclude>
    <ClInclude Include="Source\Torus.h">
      <Filter>Header Files</Filter>
    </ClInclude>
  </ItemGroup>
  <ItemGroup>
    <ResourceCompile Include="RayTracer.rc" />
  </ItemGroup>
  <ItemGroup>
    <None Include="Source\Matrix.inl">
      <Filter>Source Files</Filter>
    </None>
    <None Include="Source\Vector.inl">
      <Filter>Source Files</Filter>
    </None>
  </ItemGroup>
  <ItemGroup>
    <Text Include="yaml\license.txt">
      <Filter>YAML</Filter>
    </Text>
  </ItemGroup>
</Project>